hash: 7f03ff689d4d59ca983f9ee277b5f7b76a1be1747a6c04ea196347833dada93d
updated: 2016-09-21T18:26:15.5374716+03:00
imports:
- name: github.com/jinzhu/inflection
  version: 74387dc39a75e970e7a3ae6a3386b5bd2e5c5cff
- name: github.com/nfnt/resize
  version: 891127d8d1b52734debe1b3c3d7e747502b6c366
- name: github.com/serbe/kpp
  version: 070f74eb54745699c8f8b0235810cbd89098e402
- name: github.com/serbe/ncp
  version: 7638c9e8221197bc9b7338dfb689d766dac39832
- name: gopkg.in/bsm/ratelimit.v1
  version: db14e161995a5177acef654cb0dd785e8ee8bc22
- name: gopkg.in/pg.v4
  version: 7330fdc15c8f7416262205bca6826d51ca89add1
  subpackages:
  - internal
  - internal/parser
  - internal/pool
  - orm
  - types
testImports: []
